Microsoft Visual Studio Solution File, Format Version 12.00
# Visual Studio Version 17
VisualStudioVersion = 17.0.31611.283
MinimumVisualStudioVersion = 10.0.40219.1
Project("{9A19103F-16F7-4668-BE54-9A1E7A4F7556}") = "ElginMauiBlazorSample", "ElginMauiBlazorSample\ElginMauiBlazorSample.csproj", "{63978C7C-1BF9-4EC5-8F94-41C1674A7568}"
EndProject
Project("{2150E333-8FDC-42A3-9474-1A3956D46DE8}") = "Bibliotecas Java", "Bibliotecas Java", "{E3AE71AC-8364-48F6-BA16-08905467B6FE}"
EndProject
Project("{9A19103F-16F7-4668-BE54-9A1E7A4F7556}") = "InterfaceAutomacao", "InterfaceAutomacao\InterfaceAutomacao.csproj", "{BCD23178-18FB-4D24-8BBA-07C4E5B588D8}"
EndProject
Project("{9A19103F-16F7-4668-BE54-9A1E7A4F7556}") = "E1", "E1\E1.csproj", "{8A03CCA0-1575-418A-8965-F24B7FFB631F}"
EndProject
Project("{9A19103F-16F7-4668-BE54-9A1E7A4F7556}") = "MiniPdvM8", "MiniPdvM8\MiniPdvM8.csproj", "{7C02C2CC-F510-4FD9-9290-78097C155A09}"
EndProject
Project("{9A19103F-16F7-4668-BE54-9A1E7A4F7556}") = "SatElgin", "SatElgin\SatElgin.csproj", "{A3A51568-1A79-43B3-BE1C-DB30838F80CA}"
EndProject
Project("{9A19103F-16F7-4668-BE54-9A1E7A4F7556}") = "Scanner", "Scanner\Scanner.csproj", "{C05B0E0D-8649-46AE-836F-036C46EFA98E}"
EndProject
Project("{9A19103F-16F7-4668-BE54-9A1E7A4F7556}") = "Zxing", "Zxing\Zxing.csproj", "{0E0DFB3A-4E46-4748-8A96-A6296DEFD019}"
EndProject
Project("{2150E333-8FDC-42A3-9474-1A3956D46DE8}") = "tentativa zxing", "tentativa zxing", "{943FE19E-4504-4C08-AF74-8B7AF6A42071}"
EndProject
Global
	GlobalSection(SolutionConfigurationPlatforms) = preSolution
		Debug|Any CPU = Debug|Any CPU
		Release|Any CPU = Release|Any CPU
	EndGlobalSection
	GlobalSection(ProjectConfigurationPlatforms) = postSolution
		{63978C7C-1BF9-4EC5-8F94-41C1674A7568}.Debug|Any CPU.ActiveCfg = Debug|Any CPU
		{63978C7C-1BF9-4EC5-8F94-41C1674A7568}.Debug|Any CPU.Build.0 = Debug|Any CPU
		{63978C7C-1BF9-4EC5-8F94-41C1674A7568}.Debug|Any CPU.Deploy.0 = Debug|Any CPU
		{63978C7C-1BF9-4EC5-8F94-41C1674A7568}.Release|Any CPU.ActiveCfg = Release|Any CPU
		{63978C7C-1BF9-4EC5-8F94-41C1674A7568}.Release|Any CPU.Build.0 = Release|Any CPU
		{63978C7C-1BF9-4EC5-8F94-41C1674A7568}.Release|Any CPU.Deploy.0 = Release|Any CPU
		{BCD23178-18FB-4D24-8BBA-07C4E5B588D8}.Debug|Any CPU.ActiveCfg = Debug|Any CPU
		{BCD23178-18FB-4D24-8BBA-07C4E5B588D8}.Debug|Any CPU.Build.0 = Debug|Any CPU
		{BCD23178-18FB-4D24-8BBA-07C4E5B588D8}.Release|Any CPU.ActiveCfg = Release|Any CPU
		{BCD23178-18FB-4D24-8BBA-07C4E5B588D8}.Release|Any CPU.Build.0 = Release|Any CPU
		{8A03CCA0-1575-418A-8965-F24B7FFB631F}.Debug|Any CPU.ActiveCfg = Debug|Any CPU
		{8A03CCA0-1575-418A-8965-F24B7FFB631F}.Debug|Any CPU.Build.0 = Debug|Any CPU
		{8A03CCA0-1575-418A-8965-F24B7FFB631F}.Release|Any CPU.ActiveCfg = Release|Any CPU
		{8A03CCA0-1575-418A-8965-F24B7FFB631F}.Release|Any CPU.Build.0 = Release|Any CPU
		{7C02C2CC-F510-4FD9-9290-78097C155A09}.Debug|Any CPU.ActiveCfg = Debug|Any CPU
		{7C02C2CC-F510-4FD9-9290-78097C155A09}.Debug|Any CPU.Build.0 = Debug|Any CPU
		{7C02C2CC-F510-4FD9-9290-78097C155A09}.Release|Any CPU.ActiveCfg = Release|Any CPU
		{7C02C2CC-F510-4FD9-9290-78097C155A09}.Release|Any CPU.Build.0 = Release|Any CPU
		{A3A51568-1A79-43B3-BE1C-DB30838F80CA}.Debug|Any CPU.ActiveCfg = Debug|Any CPU
		{A3A51568-1A79-43B3-BE1C-DB30838F80CA}.Debug|Any CPU.Build.0 = Debug|Any CPU
		{A3A51568-1A79-43B3-BE1C-DB30838F80CA}.Release|Any CPU.ActiveCfg = Release|Any CPU
		{A3A51568-1A79-43B3-BE1C-DB30838F80CA}.Release|Any CPU.Build.0 = Release|Any CPU
		{C05B0E0D-8649-46AE-836F-036C46EFA98E}.Debug|Any CPU.ActiveCfg = Debug|Any CPU
		{C05B0E0D-8649-46AE-836F-036C46EFA98E}.Debug|Any CPU.Build.0 = Debug|Any CPU
		{C05B0E0D-8649-46AE-836F-036C46EFA98E}.Release|Any CPU.ActiveCfg = Release|Any CPU
		{C05B0E0D-8649-46AE-836F-036C46EFA98E}.Release|Any CPU.Build.0 = Release|Any CPU
		{0E0DFB3A-4E46-4748-8A96-A6296DEFD019}.Debug|Any CPU.ActiveCfg = Debug|Any CPU
		{0E0DFB3A-4E46-4748-8A96-A6296DEFD019}.Debug|Any CPU.Build.0 = Debug|Any CPU
		{0E0DFB3A-4E46-4748-8A96-A6296DEFD019}.Release|Any CPU.ActiveCfg = Release|Any CPU
		{0E0DFB3A-4E46-4748-8A96-A6296DEFD019}.Release|Any CPU.Build.0 = Release|Any CPU
	EndGlobalSection
	GlobalSection(SolutionProperties) = preSolution
		HideSolutionNode = FALSE
	EndGlobalSection
	GlobalSection(NestedProjects) = preSolution
		{BCD23178-18FB-4D24-8BBA-07C4E5B588D8} = {E3AE71AC-8364-48F6-BA16-08905467B6FE}
		{8A03CCA0-1575-418A-8965-F24B7FFB631F} = {E3AE71AC-8364-48F6-BA16-08905467B6FE}
		{7C02C2CC-F510-4FD9-9290-78097C155A09} = {E3AE71AC-8364-48F6-BA16-08905467B6FE}
		{A3A51568-1A79-43B3-BE1C-DB30838F80CA} = {E3AE71AC-8364-48F6-BA16-08905467B6FE}
		{C05B0E0D-8649-46AE-836F-036C46EFA98E} = {E3AE71AC-8364-48F6-BA16-08905467B6FE}
		{0E0DFB3A-4E46-4748-8A96-A6296DEFD019} = {943FE19E-4504-4C08-AF74-8B7AF6A42071}
		{943FE19E-4504-4C08-AF74-8B7AF6A42071} = {E3AE71AC-8364-48F6-BA16-08905467B6FE}
	EndGlobalSection
	GlobalSection(ExtensibilityGlobals) = postSolution
		SolutionGuid = {61F7FB11-1E47-470C-91E2-47F8143E1572}
	EndGlobalSection
EndGlobal
